
Microsoft Visual Studio Solution File, Format Version 12.00
# Visual Studio 14
VisualStudioVersion = 14.0.25420.1
MinimumVisualStudioVersion = 10.0.40219.1
Project("{FAE04EC0-301F-11D3-BF4B-00C04F79EFBC}") = "RA.EventSourcing", "RA.EventSourcing\RA.EventSourcing.csproj", "{AD489F2A-7554-4023-BD1C-1ADDBBD43EFF}"
EndProject
Project("{FAE04EC0-301F-11D3-BF4B-00C04F79EFBC}") = "RA.EventSourcing.Tests", "RA.EventSourcing.Tests\RA.EventSourcing.Tests.csproj", "{717955B8-D272-4A91-9860-9F06C24B7ACC}"
EndProject
Project("{FAE04EC0-301F-11D3-BF4B-00C04F79EFBC}") = "RA.EventSourcing.Sql", "RA.EventSourcing.Sql\RA.EventSourcing.Sql.csproj", "{D0D8C3CA-5084-4B26-A256-FB73A1EE0FEB}"
EndProject
Project("{FAE04EC0-301F-11D3-BF4B-00C04F79EFBC}") = "RA.EventSourcing.Azure", "RA.EventSourcing.Azure\RA.EventSourcing.Azure.csproj", "{047D8EF5-0E46-4C2C-8D6F-BD970B94FA43}"
EndProject
Project("{2150E333-8FDC-42A3-9474-1A3956D46DE8}") = "nuget", "nuget", "{2044ECAC-2D3A-43B8-9841-31CDF7E24504}"
	ProjectSection(SolutionItems) = preProject
		..\nuget\RA.EventSourcing.Azure.nuspec = ..\nuget\RA.EventSourcing.Azure.nuspec
		..\nuget\RA.EventSourcing.Core.nuspec = ..\nuget\RA.EventSourcing.Core.nuspec
		..\nuget\RA.EventSourcing.Sql.nuspec = ..\nuget\RA.EventSourcing.Sql.nuspec
	EndProjectSection
EndProject
Global
	GlobalSection(SolutionConfigurationPlatforms) = preSolution
		Debug|Any CPU = Debug|Any CPU
		Release|Any CPU = Release|Any CPU
	EndGlobalSection
	GlobalSection(ProjectConfigurationPlatforms) = postSolution
		{AD489F2A-7554-4023-BD1C-1ADDBBD43EFF}.Debug|Any CPU.ActiveCfg = Debug|Any CPU
		{AD489F2A-7554-4023-BD1C-1ADDBBD43EFF}.Debug|Any CPU.Build.0 = Debug|Any CPU
		{AD489F2A-7554-4023-BD1C-1ADDBBD43EFF}.Release|Any CPU.ActiveCfg = Release|Any CPU
		{AD489F2A-7554-4023-BD1C-1ADDBBD43EFF}.Release|Any CPU.Build.0 = Release|Any CPU
		{717955B8-D272-4A91-9860-9F06C24B7ACC}.Debug|Any CPU.ActiveCfg = Debug|Any CPU
		{717955B8-D272-4A91-9860-9F06C24B7ACC}.Debug|Any CPU.Build.0 = Debug|Any CPU
		{717955B8-D272-4A91-9860-9F06C24B7ACC}.Release|Any CPU.ActiveCfg = Release|Any CPU
		{717955B8-D272-4A91-9860-9F06C24B7ACC}.Release|Any CPU.Build.0 = Release|Any CPU
		{D0D8C3CA-5084-4B26-A256-FB73A1EE0FEB}.Debug|Any CPU.ActiveCfg = Debug|Any CPU
		{D0D8C3CA-5084-4B26-A256-FB73A1EE0FEB}.Debug|Any CPU.Build.0 = Debug|Any CPU
		{D0D8C3CA-5084-4B26-A256-FB73A1EE0FEB}.Release|Any CPU.ActiveCfg = Release|Any CPU
		{D0D8C3CA-5084-4B26-A256-FB73A1EE0FEB}.Release|Any CPU.Build.0 = Release|Any CPU
		{047D8EF5-0E46-4C2C-8D6F-BD970B94FA43}.Debug|Any CPU.ActiveCfg = Debug|Any CPU
		{047D8EF5-0E46-4C2C-8D6F-BD970B94FA43}.Debug|Any CPU.Build.0 = Debug|Any CPU
		{047D8EF5-0E46-4C2C-8D6F-BD970B94FA43}.Release|Any CPU.ActiveCfg = Release|Any CPU
		{047D8EF5-0E46-4C2C-8D6F-BD970B94FA43}.Release|Any CPU.Build.0 = Release|Any CPU
	EndGlobalSection
	GlobalSection(SolutionProperties) = preSolution
		HideSolutionNode = FALSE
	EndGlobalSection
EndGlobal
